# Generated by pub
# See https://dart.dev/tools/pub/glossary#lockfile
packages:
  args:
    dependency: transitive
    description:
      name: args
      sha256: d0481093c50b1da8910eb0bb301626d4d8eb7284aa739614d2b394ee09e3ea04
      url: "https://pub.dev"
    source: hosted
    version: "2.7.0"
  bible_io:
    dependency: "direct main"
    description:
      name: bible_io
      sha256: "4c204d76951ce00f8b2e048f2a3cb1e4365aa5751db2370abbbbe695d86f7245"
      url: "https://pub.dev"
    source: hosted
    version: "1.2.0"
  bible_io_interlinear:
    dependency: "direct main"
    description:
      path: "."
      ref: e49abb5a123e6857f249510aeb060e22d4e518f9
      resolved-ref: e49abb5a123e6857f249510aeb060e22d4e518f9
      url: "https://github.com/m0ty/bible-io-interlinear-dart.git"
    source: git
    version: "0.3.0"
  bible_io_references:
    dependency: transitive
    description:
      name: bible_io_references
      sha256: "5e1df0439514580e4ba678467cdef9b0b171c2221e9fdb70039906a38305b8eb"
      url: "https://pub.dev"
    source: hosted
    version: "1.2.0"
  characters:
    dependency: transitive
    description:
      name: characters
      sha256: faf38497bda5ead2a8c7615f4f7939df04333478bf32e4173fcb06d428b5716b
      url: "https://pub.dev"
    source: hosted
    version: "1.4.1"
  collection:
    dependency: transitive
    description:
      name: collection
      sha256: "2f5709ae4d3d59dd8f7cd309b4e023046b57d8a6c82130785d2b0e5868084e76"
      url: "https://pub.dev"
    source: hosted
    version: "1.19.1"
  crypto:
    dependency: transitive
    description:
      name: crypto
      sha256: c8ea0233063ba03258fbcf2ca4d6dadfefe14f02fab57702265467a19f27fadf
      url: "https://pub.dev"
    source: hosted
    version: "3.0.7"
  typed_data:
    dependency: transitive
    description:
      name: typed_data
      sha256: f9049c039ebfeb4cf7a7104a675823cd72dba8297f264b6637062516699fa006
      url: "https://pub.dev"
    source: hosted
    version: "1.4.0"
  unorm_dart:
    dependency: transitive
    description:
      name: unorm_dart
      sha256: "0c69186b03ca6addab0774bcc0f4f17b88d4ce78d9d4d8f0619e30a99ead58e7"
      url: "https://pub.dev"
    source: hosted
    version: "0.3.2"
sdks:
  dart: ">=3.11.4 <4.0.0"
